PODS:
  - AFNetworking (3.2.1):
    - AFNetworking/NSURLSession (= 3.2.1)
    - AFNetworking/Reachability (= 3.2.1)
    - AFNetworking/Security (= 3.2.1)
    - AFNetworking/Serialization (= 3.2.1)
    - AFNetworking/UIKit (= 3.2.1)
  - AFNetworking/NSURLSession (3.2.1):
    - AFNetworking/Reachability
    - AFNetworking/Security
    - AFNetworking/Serialization
  - AFNetworking/Reachability (3.2.1)
  - AFNetworking/Security (3.2.1)
  - AFNetworking/Serialization (3.2.1)
  - AFNetworking/UIKit (3.2.1):
    - AFNetworking/NSURLSession
  - Color-Picker-for-iOS (2.0)
  - lottie-ios (2.5.0)
  - Masonry (1.1.0)
  - MBProgressHUD (1.1.0)
  - MJRefresh (3.2.0)
  - MMKV (1.2.14):
    - MMKVCore (~> 1.2.14)
  - MMKVCore (1.2.14)
  - Protobuf (3.23.3)
  - SDAutoLayout (2.2.1)
  - YYModel (1.0.4)

DEPENDENCIES:
  - AFNetworking (= 3.2.1)
  - Color-Picker-for-iOS (= 2.0)
  - lottie-ios (= 2.5.0)
  - Masonry (= 1.1.0)
  - MBProgressHUD (= 1.1.0)
  - MJRefresh (= 3.2.0)
  - MMKV (~> 1.2.14)
  - Protobuf (~> 3.23.3)
  - SDAutoLayout (= 2.2.1)
  - YYModel (= 1.0.4)

SPEC REPOS:
  https://github.com/CocoaPods/Specs.git:
    - AFNetworking
    - Color-Picker-for-iOS
    - lottie-ios
    - Masonry
    - MBProgressHUD
    - MJRefresh
    - MMKV
    - MMKVCore
    - Protobuf
    - SDAutoLayout
    - YYModel

SPEC CHECKSUMS:
  AFNetworking: cb604b1c2bded0871f5f61f5d53653739e841d6b
  Color-Picker-for-iOS: 2988926c7a3ceb6f472d6c3c225cbc88d4be3635
  lottie-ios: d699fdee68d7b63e721d949388b015fef1aaa4ac
  Masonry: 678fab65091a9290e40e2832a55e7ab731aad201
  MBProgressHUD: e7baa36a220447d8aeb12769bf0585582f3866d9
  MJRefresh: ed450d6eb9d3346a2cb033ab7eb6de090aeef437
  MMKV: 9c4663aa7ca255d478ff10f2f5cb7d17c1651ccd
  MMKVCore: 89f5c8a66bba2dcd551779dea4d412eeec8ff5bb
  Protobuf: d9c3d7e5a3574aa6a5d521f2d9f733c76d294be8
  SDAutoLayout: 8bf6b3bbc8b01f775d4defbb4fda2ace805461be
  YYModel: 2a7fdd96aaa4b86a824e26d0c517de8928c04b30

PODFILE CHECKSUM: 56e3b02d3deaee00561becc7384d4e5f99e48f1a

COCOAPODS: 1.14.2
